
Microsoft Visual Studio Solution File, Format Version 12.00
# Visual Studio Version 17
VisualStudioVersion = 17.0.31919.166
MinimumVisualStudioVersion = 10.0.40219.1
Project("{FAE04EC0-301F-11D3-BF4B-00C04F79EFBC}") = "peresdacha", "peresdacha.csproj", "{EE9C4400-3D32-4A36-87EB-D9A27D3773CB}"
EndProject
Global
	GlobalSection(SolutionConfigurationPlatforms) = preSolution
		Debug|Any CPU = Debug|Any CPU
		Release|Any CPU = Release|Any CPU
	EndGlobalSection
	GlobalSection(ProjectConfigurationPlatforms) = postSolution
		{EE9C4400-3D32-4A36-87EB-D9A27D3773CB}.Debug|Any CPU.ActiveCfg = Debug|Any CPU
		{EE9C4400-3D32-4A36-87EB-D9A27D3773CB}.Debug|Any CPU.Build.0 = Debug|Any CPU
		{EE9C4400-3D32-4A36-87EB-D9A27D3773CB}.Release|Any CPU.ActiveCfg = Release|Any CPU
		{EE9C4400-3D32-4A36-87EB-D9A27D3773CB}.Release|Any CPU.Build.0 = Release|Any CPU
	EndGlobalSection
	GlobalSection(SolutionProperties) = preSolution
		HideSolutionNode = FALSE
	EndGlobalSection
	GlobalSection(ExtensibilityGlobals) = postSolution
		SolutionGuid = {AF2A2545-815C-4449-9016-663EDDBB9C7B}
	EndGlobalSection
EndGlobal
